
Microsoft Visual Studio Solution File, Format Version 12.00
# Visual Studio Version 17
VisualStudioVersion = 17.9.34714.143
MinimumVisualStudioVersion = 10.0.40219.1
Project("{FAE04EC0-301F-11D3-BF4B-00C04F79EFBC}") = "Team 69", "Team 69.csproj", "{4506DF0C-D55A-4192-A113-77C4F1D9EA1E}"
EndProject
Global
	GlobalSection(SolutionConfigurationPlatforms) = preSolution
		Debug|Any CPU = Debug|Any CPU
		Release|Any CPU = Release|Any CPU
	EndGlobalSection
	GlobalSection(ProjectConfigurationPlatforms) = postSolution
		{4506DF0C-D55A-4192-A113-77C4F1D9EA1E}.Debug|Any CPU.ActiveCfg = Debug|Any CPU
		{4506DF0C-D55A-4192-A113-77C4F1D9EA1E}.Debug|Any CPU.Build.0 = Debug|Any CPU
		{4506DF0C-D55A-4192-A113-77C4F1D9EA1E}.Release|Any CPU.ActiveCfg = Release|Any CPU
		{4506DF0C-D55A-4192-A113-77C4F1D9EA1E}.Release|Any CPU.Build.0 = Release|Any CPU
	EndGlobalSection
	GlobalSection(SolutionProperties) = preSolution
		HideSolutionNode = FALSE
	EndGlobalSection
	GlobalSection(ExtensibilityGlobals) = postSolution
		SolutionGuid = {26555364-307E-420D-AF4E-0DCFC1B8C122}
	EndGlobalSection
EndGlobal
